
Microsoft Visual Studio Solution File, Format Version 12.00
# Visual Studio Version 17
VisualStudioVersion = 17.6.33829.357
MinimumVisualStudioVersion = 10.0.40219.1
Project("{FAE04EC0-301F-11D3-BF4B-00C04F79EFBC}") = "Магазин товаров", "Магазин товаров\Магазин товаров.csproj", "{9DEE480C-8689-43EE-B3C0-356BCE5DCE09}"
EndProject
Global
	GlobalSection(SolutionConfigurationPlatforms) = preSolution
		Debug|Any CPU = Debug|Any CPU
		Release|Any CPU = Release|Any CPU
	EndGlobalSection
	GlobalSection(ProjectConfigurationPlatforms) = postSolution
		{9DEE480C-8689-43EE-B3C0-356BCE5DCE09}.Debug|Any CPU.ActiveCfg = Debug|Any CPU
		{9DEE480C-8689-43EE-B3C0-356BCE5DCE09}.Debug|Any CPU.Build.0 = Debug|Any CPU
		{9DEE480C-8689-43EE-B3C0-356BCE5DCE09}.Release|Any CPU.ActiveCfg = Release|Any CPU
		{9DEE480C-8689-43EE-B3C0-356BCE5DCE09}.Release|Any CPU.Build.0 = Release|Any CPU
	EndGlobalSection
	GlobalSection(SolutionProperties) = preSolution
		HideSolutionNode = FALSE
	EndGlobalSection
	GlobalSection(ExtensibilityGlobals) = postSolution
		SolutionGuid = {29BF88A7-711E-4DF7-9689-1275F7526B4C}
	EndGlobalSection
EndGlobal
